{
  "name": "Recipe-App-",
  "lockfileVersion": 2,
  "requires": true,
  "packages": {
    "": {
      "dependencies": {
        "jsonstream": "^1.0.3",
        "lodash": "^4.17.20",
        "vue-lottie": "^0.2.1"
      }
    },
    "node_modules/jsonparse": {
      "version": "1.0.0",
      "resolved": "https://registry.npmjs.org/jsonparse/-/jsonparse-1.0.0.tgz",
      "integrity": "sha1-JiL05mwI4arH7b63YFPJt+EhH3Y=",
      "engines": [
        "node >= 0.2.0"
      ]
    },
    "node_modules/jsonstream": {
      "version": "1.0.3",
      "resolved": "https://registry.npmjs.org/jsonstream/-/jsonstream-1.0.3.tgz",
      "integrity": "sha1-/y1JxPR5tbvN+fnlbIQc+H8O+h0=",
      "dependencies": {
        "jsonparse": "~1.0.0",
        "through": ">=2.2.7 <3"
      },
      "bin": {
        "jsonstream": "index.js"
      },
      "engines": {
        "node": "*"
      }
    },
    "node_modules/lodash": {
      "version": "4.17.20",
      "resolved": "https://registry.npmjs.org/lodash/-/lodash-4.17.20.tgz",
      "integrity": "sha512-PlhdFcillOINfeV7Ni6oF1TAEayyZBoZ8bcshTHqOYJYlrqzRK5hagpagky5o4HfCzzd1TRkXPMFq6cKk9rGmA=="
    },
    "node_modules/lottie-web": {
      "version": "5.7.6",
      "resolved": "https://registry.npmjs.org/lottie-web/-/lottie-web-5.7.6.tgz",
      "integrity": "sha512-qn/KYMI4QQvFDhtoxs0RPkn9uZKhDB9keE5BKgbJlSRfNEZpRiDlwBE9ibYz4nPhbyE+NUlt8IRIVR7g5OSX3w=="
    },
    "node_modules/through": {
      "version": "2.3.8",
      "resolved": "https://registry.npmjs.org/through/-/through-2.3.8.tgz",
      "integrity": "sha1-DdTJ/6q8NXlgsbckEV1+Doai4fU="
    },
    "node_modules/vue": {
      "version": "2.6.12",
      "resolved": "https://registry.npmjs.org/vue/-/vue-2.6.12.tgz",
      "integrity": "sha512-uhmLFETqPPNyuLLbsKz6ioJ4q7AZHzD8ZVFNATNyICSZouqP2Sz0rotWQC8UNBF6VGSCs5abnKJoStA6JbCbfg==",
      "peer": true
    },
    "node_modules/vue-lottie": {
      "version": "0.2.1",
      "resolved": "https://registry.npmjs.org/vue-lottie/-/vue-lottie-0.2.1.tgz",
      "integrity": "sha512-zInUX69Ij8MhVR3XArpu4PqqBoufwKxS5UMutWCPm59VUaB5H6GtnaIzf9M+l6aYU+Kr8gF/W9dzWLgRuU6V+Q==",
      "dependencies": {
        "lottie-web": "^5.1.9"
      },
      "peerDependencies": {
        "vue": "^2.5.16"
      }
    }
  },
  "dependencies": {
    "jsonparse": {
      "version": "1.0.0",
      "resolved": "https://registry.npmjs.org/jsonparse/-/jsonparse-1.0.0.tgz",
      "integrity": "sha1-JiL05mwI4arH7b63YFPJt+EhH3Y="
    },
    "jsonstream": {
      "version": "1.0.3",
      "resolved": "https://registry.npmjs.org/jsonstream/-/jsonstream-1.0.3.tgz",
      "integrity": "sha1-/y1JxPR5tbvN+fnlbIQc+H8O+h0=",
      "requires": {
        "jsonparse": "~1.0.0",
        "through": ">=2.2.7 <3"
      }
    },
    "lodash": {
      "version": "4.17.20",
      "resolved": "https://registry.npmjs.org/lodash/-/lodash-4.17.20.tgz",
      "integrity": "sha512-PlhdFcillOINfeV7Ni6oF1TAEayyZBoZ8bcshTHqOYJYlrqzRK5hagpagky5o4HfCzzd1TRkXPMFq6cKk9rGmA=="
    },
    "lottie-web": {
      "version": "5.7.6",
      "resolved": "https://registry.npmjs.org/lottie-web/-/lottie-web-5.7.6.tgz",
      "integrity": "sha512-qn/KYMI4QQvFDhtoxs0RPkn9uZKhDB9keE5BKgbJlSRfNEZpRiDlwBE9ibYz4nPhbyE+NUlt8IRIVR7g5OSX3w=="
    },
    "through": {
      "version": "2.3.8",
      "resolved": "https://registry.npmjs.org/through/-/through-2.3.8.tgz",
      "integrity": "sha1-DdTJ/6q8NXlgsbckEV1+Doai4fU="
    },
    "vue": {
      "version": "2.6.12",
      "resolved": "https://registry.npmjs.org/vue/-/vue-2.6.12.tgz",
      "integrity": "sha512-uhmLFETqPPNyuLLbsKz6ioJ4q7AZHzD8ZVFNATNyICSZouqP2Sz0rotWQC8UNBF6VGSCs5abnKJoStA6JbCbfg==",
      "peer": true
    },
    "vue-lottie": {
      "version": "0.2.1",
      "resolved": "https://registry.npmjs.org/vue-lottie/-/vue-lottie-0.2.1.tgz",
      "integrity": "sha512-zInUX69Ij8MhVR3XArpu4PqqBoufwKxS5UMutWCPm59VUaB5H6GtnaIzf9M+l6aYU+Kr8gF/W9dzWLgRuU6V+Q==",
      "requires": {
        "lottie-web": "^5.1.9"
      }
    }
  }
}
