{
  "name": "Recipe-App-",
  "lockfileVersion": 2,
  "requires": true,
  "packages": {
    "": {
      "dependencies": {
        "jsonstream": "^1.0.3",
        "lodash": "^4.17.20"
      }
    },
    "node_modules/jsonparse": {
      "version": "1.0.0",
      "resolved": "https://registry.npmjs.org/jsonparse/-/jsonparse-1.0.0.tgz",
      "integrity": "sha1-JiL05mwI4arH7b63YFPJt+EhH3Y=",
      "engines": [
        "node >= 0.2.0"
      ]
    },
    "node_modules/jsonstream": {
      "version": "1.0.3",
      "resolved": "https://registry.npmjs.org/jsonstream/-/jsonstream-1.0.3.tgz",
      "integrity": "sha1-/y1JxPR5tbvN+fnlbIQc+H8O+h0=",
      "deprecated": "use JSONStream instead",
      "dependencies": {
        "jsonparse": "~1.0.0",
        "through": ">=2.2.7 <3"
      },
      "bin": {
        "jsonstream": "index.js"
      },
      "engines": {
        "node": "*"
      }
    },
    "node_modules/lodash": {
      "version": "4.17.20",
      "resolved": "https://registry.npmjs.org/lodash/-/lodash-4.17.20.tgz",
      "integrity": "sha512-PlhdFcillOINfeV7Ni6oF1TAEayyZBoZ8bcshTHqOYJYlrqzRK5hagpagky5o4HfCzzd1TRkXPMFq6cKk9rGmA=="
    },
    "node_modules/through": {
      "version": "2.3.8",
      "resolved": "https://registry.npmjs.org/through/-/through-2.3.8.tgz",
      "integrity": "sha1-DdTJ/6q8NXlgsbckEV1+Doai4fU="
    }
  },
  "dependencies": {
    "jsonparse": {
      "version": "1.0.0",
      "resolved": "https://registry.npmjs.org/jsonparse/-/jsonparse-1.0.0.tgz",
      "integrity": "sha1-JiL05mwI4arH7b63YFPJt+EhH3Y="
    },
    "jsonstream": {
      "version": "1.0.3",
      "resolved": "https://registry.npmjs.org/jsonstream/-/jsonstream-1.0.3.tgz",
      "integrity": "sha1-/y1JxPR5tbvN+fnlbIQc+H8O+h0=",
      "requires": {
        "jsonparse": "~1.0.0",
        "through": ">=2.2.7 <3"
      }
    },
    "lodash": {
      "version": "4.17.20",
      "resolved": "https://registry.npmjs.org/lodash/-/lodash-4.17.20.tgz",
      "integrity": "sha512-PlhdFcillOINfeV7Ni6oF1TAEayyZBoZ8bcshTHqOYJYlrqzRK5hagpagky5o4HfCzzd1TRkXPMFq6cKk9rGmA=="
    },
    "through": {
      "version": "2.3.8",
      "resolved": "https://registry.npmjs.org/through/-/through-2.3.8.tgz",
      "integrity": "sha1-DdTJ/6q8NXlgsbckEV1+Doai4fU="
    }
  }
  "lockfileVersion": 1
}
